
Microsoft Visual Studio Solution File, Format Version 12.00
# Visual Studio Version 17
VisualStudioVersion = 17.2.32616.157
MinimumVisualStudioVersion = 10.0.40219.1
Project("{FAE04EC0-301F-11D3-BF4B-00C04F79EFBC}") = "Number_Analyzer", "Number_Analyzer\Number_Analyzer.csproj", "{D6F96053-4A2F-449D-A17F-CAACC1B4DDE0}"
EndProject
Global
	GlobalSection(SolutionConfigurationPlatforms) = preSolution
		Debug|Any CPU = Debug|Any CPU
		Release|Any CPU = Release|Any CPU
	EndGlobalSection
	GlobalSection(ProjectConfigurationPlatforms) = postSolution
		{D6F96053-4A2F-449D-A17F-CAACC1B4DDE0}.Debug|Any CPU.ActiveCfg = Debug|Any CPU
		{D6F96053-4A2F-449D-A17F-CAACC1B4DDE0}.Debug|Any CPU.Build.0 = Debug|Any CPU
		{D6F96053-4A2F-449D-A17F-CAACC1B4DDE0}.Release|Any CPU.ActiveCfg = Release|Any CPU
		{D6F96053-4A2F-449D-A17F-CAACC1B4DDE0}.Release|Any CPU.Build.0 = Release|Any CPU
	EndGlobalSection
	GlobalSection(SolutionProperties) = preSolution
		HideSolutionNode = FALSE
	EndGlobalSection
	GlobalSection(ExtensibilityGlobals) = postSolution
		SolutionGuid = {85232A17-D65E-437D-808B-E6279E654A5F}
	EndGlobalSection
EndGlobal
